
Microsoft Visual Studio Solution File, Format Version 12.00
# Visual Studio Version 16
VisualStudioVersion = 16.0.31005.135
MinimumVisualStudioVersion = 10.0.40219.1
Project("{9A19103F-16F7-4668-BE54-9A1E7A4F7556}") = "AzureFunctionGitHubAction", "AzureFunctionGitHubAction.csproj", "{281303A1-B34C-440D-9241-4A5F184B7CAE}"
EndProject
Global
	GlobalSection(SolutionConfigurationPlatforms) = preSolution
		Debug|Any CPU = Debug|Any CPU
		Release|Any CPU = Release|Any CPU
	EndGlobalSection
	GlobalSection(ProjectConfigurationPlatforms) = postSolution
		{281303A1-B34C-440D-9241-4A5F184B7CAE}.Debug|Any CPU.ActiveCfg = Debug|Any CPU
		{281303A1-B34C-440D-9241-4A5F184B7CAE}.Debug|Any CPU.Build.0 = Debug|Any CPU
		{281303A1-B34C-440D-9241-4A5F184B7CAE}.Release|Any CPU.ActiveCfg = Release|Any CPU
		{281303A1-B34C-440D-9241-4A5F184B7CAE}.Release|Any CPU.Build.0 = Release|Any CPU
	EndGlobalSection
	GlobalSection(SolutionProperties) = preSolution
		HideSolutionNode = FALSE
	EndGlobalSection
	GlobalSection(ExtensibilityGlobals) = postSolution
		SolutionGuid = {89A232FD-1353-4EC8-9837-E6870AB0E791}
	EndGlobalSection
EndGlobal
